
Microsoft Visual Studio Solution File, Format Version 12.00
# Visual Studio Version 16
VisualStudioVersion = 16.0.29926.136
MinimumVisualStudioVersion = 10.0.40219.1
Project("{8BC9CEB8-8B4A-11D0-8D11-00A0C91BC942}") = "MicroGps", "MicroGps.vcxproj", "{7FFE69BB-2A1E-4F1E-A187-2BE5BD3251B1}"
EndProject
Global
	GlobalSection(SolutionConfigurationPlatforms) = preSolution
		Debug|x86 = Debug|x86
		Release|x86 = Release|x86
	EndGlobalSection
	GlobalSection(ProjectConfigurationPlatforms) = postSolution
		{7FFE69BB-2A1E-4F1E-A187-2BE5BD3251B1}.Debug|x86.ActiveCfg = Debug|Win32
		{7FFE69BB-2A1E-4F1E-A187-2BE5BD3251B1}.Debug|x86.Build.0 = Debug|Win32
		{7FFE69BB-2A1E-4F1E-A187-2BE5BD3251B1}.Release|x86.ActiveCfg = Release|Win32
		{7FFE69BB-2A1E-4F1E-A187-2BE5BD3251B1}.Release|x86.Build.0 = Release|Win32
	EndGlobalSection
	GlobalSection(SolutionProperties) = preSolution
		HideSolutionNode = FALSE
	EndGlobalSection
	GlobalSection(ExtensibilityGlobals) = postSolution
		SolutionGuid = {4976DDBD-E1E4-4610-87EE-41B85E431AF6}
	EndGlobalSection
EndGlobal
